
Microsoft Visual Studio Solution File, Format Version 12.00
# Visual Studio 15
VisualStudioVersion = 15.0.28307.572
MinimumVisualStudioVersion = 10.0.40219.1
Project("{FAE04EC0-301F-11D3-BF4B-00C04F79EFBC}") = "Snek", "Snek\Snek.csproj", "{AE3637DE-47F5-4FCA-876F-2821974D7412}"
EndProject
Global
	GlobalSection(SolutionConfigurationPlatforms) = preSolution
		Debug|Any CPU = Debug|Any CPU
		Release|Any CPU = Release|Any CPU
	EndGlobalSection
	GlobalSection(ProjectConfigurationPlatforms) = postSolution
		{AE3637DE-47F5-4FCA-876F-2821974D7412}.Debug|Any CPU.ActiveCfg = Debug|Any CPU
		{AE3637DE-47F5-4FCA-876F-2821974D7412}.Debug|Any CPU.Build.0 = Debug|Any CPU
		{AE3637DE-47F5-4FCA-876F-2821974D7412}.Release|Any CPU.ActiveCfg = Release|Any CPU
		{AE3637DE-47F5-4FCA-876F-2821974D7412}.Release|Any CPU.Build.0 = Release|Any CPU
	EndGlobalSection
	GlobalSection(SolutionProperties) = preSolution
		HideSolutionNode = FALSE
	EndGlobalSection
	GlobalSection(ExtensibilityGlobals) = postSolution
		SolutionGuid = {D140C5B1-5385-4192-9746-9211E0FB8D16}
	EndGlobalSection
EndGlobal
